{
  "name": "machine-learning-in-javascript",
  "version": "1.0.0",
  "lockfileVersion": 1,
  "requires": true,
  "dependencies": {
    "RandomSelection": {
      "version": "1.0.1",
      "resolved": "https://registry.npmjs.org/RandomSelection/-/RandomSelection-1.0.1.tgz",
      "integrity": "sha1-aPyPek7CrnFTBJNJ5E+PoTkzEbs="
    },
    "acorn": {
      "version": "5.1.2",
      "resolved": "https://registry.npmjs.org/acorn/-/acorn-5.1.2.tgz",
      "integrity": "sha512-o96FZLJBPY1lvTuJylGA9Bk3t/GKPPJG8H0ydQQl01crzwJgspa4AEIq/pVTXigmK0PHVQhiAtn8WMBLL9D2WA=="
    },
    "align-text": {
      "version": "0.1.4",
      "resolved": "https://registry.npmjs.org/align-text/-/align-text-0.1.4.tgz",
      "integrity": "sha1-DNkKVhCT810KmSVsIrcGlDP60Rc=",
      "requires": {
        "kind-of": "3.2.2",
        "longest": "1.0.1",
        "repeat-string": "1.6.1"
      }
    },
    "amdefine": {
      "version": "1.0.1",
      "resolved": "https://registry.npmjs.org/amdefine/-/amdefine-1.0.1.tgz",
      "integrity": "sha1-SlKCrBZHKek2Gbz9OtFR+BfOkfU=",
      "optional": true
    },
    "arguments-extended": {
      "version": "0.0.3",
      "resolved": "https://registry.npmjs.org/arguments-extended/-/arguments-extended-0.0.3.tgz",
      "integrity": "sha1-YQfkkX0OtvCk3WYyD8Fa/HLvSUY=",
      "requires": {
        "extended": "0.0.6",
        "is-extended": "0.0.10"
      }
    },
    "array-extended": {
      "version": "0.0.11",
      "resolved": "https://registry.npmjs.org/array-extended/-/array-extended-0.0.11.tgz",
      "integrity": "sha1-1xRK50jek8pybxIQCdv/FibRZL0=",
      "requires": {
        "arguments-extended": "0.0.3",
        "extended": "0.0.6",
        "is-extended": "0.0.10"
      }
    },
    "async": {
      "version": "2.5.0",
      "resolved": "https://registry.npmjs.org/async/-/async-2.5.0.tgz",
      "integrity": "sha512-e+lJAJeNWuPCNyxZKOBdaJGyLGHugXVQtrAwtuAe2vhxTYxFTKE73p8JuTmdH0qdQZtDvI4dhJwjZc5zsfIsYw==",
      "requires": {
        "lodash": "4.17.4"
      }
    },
    "axios": {
      "version": "0.7.0",
      "resolved": "https://registry.npmjs.org/axios/-/axios-0.7.0.tgz",
      "integrity": "sha1-SJwmkETVBm36LGTHScsTGxdvSno="
    },
    "babel-runtime": {
      "version": "6.26.0",
      "resolved": "https://registry.npmjs.org/babel-runtime/-/babel-runtime-6.26.0.tgz",
      "integrity": "sha1-llxwWGaOgrVde/4E/yM3vItWR/4=",
      "requires": {
        "core-js": "2.5.1",
        "regenerator-runtime": "0.11.0"
      }
    },
    "bluebird": {
      "version": "3.5.1",
      "resolved": "https://registry.npmjs.org/bluebird/-/bluebird-3.5.1.tgz",
      "integrity": "sha512-MKiLiV+I1AA596t9w1sQJ8jkiSr5+ZKi0WKrYGUn6d1Fx+Ij4tIj+m2WMQSGczs5jZVxV339chE8iwk6F64wjA=="
    },
    "camelcase": {
      "version": "1.2.1",
      "resolved": "https://registry.npmjs.org/camelcase/-/camelcase-1.2.1.tgz",
      "integrity": "sha1-m7UwTS4LVmmLLHWLCKPqqdqlijk="
    },
    "center-align": {
      "version": "0.1.3",
      "resolved": "https://registry.npmjs.org/center-align/-/center-align-0.1.3.tgz",
      "integrity": "sha1-qg0yYptu6XIgBBHL1EYckHvCt60=",
      "requires": {
        "align-text": "0.1.4",
        "lazy-cache": "1.0.4"
      }
    },
    "cholesky-tools": {
      "version": "0.1.7",
      "resolved": "https://registry.npmjs.org/cholesky-tools/-/cholesky-tools-0.1.7.tgz",
      "integrity": "sha512-6P7HS8jIrmRBsWkhXmxXPJsRXZqGaTj7P54RbXZ1L/Y5CZ0Pe+e5ood8GubcWSusI8dsdZVihZldsL15I5ZeFg=="
    },
    "cliui": {
      "version": "2.1.0",
      "resolved": "https://registry.npmjs.org/cliui/-/cliui-2.1.0.tgz",
      "integrity": "sha1-S0dXYP+AJkx2LDoXGQMukcf+oNE=",
      "requires": {
        "center-align": "0.1.3",
        "right-align": "0.1.3",
        "wordwrap": "0.0.2"
      }
    },
    "clone": {
      "version": "1.0.2",
      "resolved": "https://registry.npmjs.org/clone/-/clone-1.0.2.tgz",
      "integrity": "sha1-Jgt6meux7f4kdTgXX3gyQ8sZ0Uk=",
      "optional": true
    },
    "colors": {
      "version": "1.1.2",
      "resolved": "https://registry.npmjs.org/colors/-/colors-1.1.2.tgz",
      "integrity": "sha1-FopHAXVran9RoSzgyXv6KMCE7WM="
    },
    "combined-stream": {
      "version": "1.0.5",
      "resolved": "https://registry.npmjs.org/combined-stream/-/combined-stream-1.0.5.tgz",
      "integrity": "sha1-k4NwpXtKUd6ix3wV1cX9+JUWQAk=",
      "requires": {
        "delayed-stream": "1.0.0"
      }
    },
    "complex.js": {
      "version": "2.0.4",
      "resolved": "https://registry.npmjs.org/complex.js/-/complex.js-2.0.4.tgz",
      "integrity": "sha512-Syl95HpxUTS0QjwNxencZsKukgh1zdS9uXeXX2Us0pHaqBR6kiZZi0AkZ9VpZFwHJyVIUVzI4EumjWdXP3fy6w=="
    },
    "concat-stream": {
      "version": "1.6.0",
      "resolved": "https://registry.npmjs.org/concat-stream/-/concat-stream-1.6.0.tgz",
      "integrity": "sha1-CqxmL9Ur54lk1VMvaUeE5wEQrPc=",
      "requires": {
        "inherits": "2.0.3",
        "readable-stream": "2.3.3",
        "typedarray": "0.0.6"
      },
      "dependencies": {
        "readable-stream": {
          "version": "2.3.3",
          "resolved": "https://registry.npmjs.org/readable-stream/-/readable-stream-2.3.3.tgz",
          "integrity": "sha512-m+qzzcn7KUxEmd1gMbchF+Y2eIUbieUaxkWtptyHywrX0rE8QEYqPC07Vuy4Wm32/xE16NcdBctb8S0Xe/5IeQ==",
          "requires": {
            "core-util-is": "1.0.2",
            "inherits": "2.0.3",
            "isarray": "1.0.0",
            "process-nextick-args": "1.0.7",
            "safe-buffer": "5.1.1",
            "string_decoder": "1.0.3",
            "util-deprecate": "1.0.2"
          }
        }
      }
    },
    "console.table": {
      "version": "0.9.1",
      "resolved": "https://registry.npmjs.org/console.table/-/console.table-0.9.1.tgz",
      "integrity": "sha1-SwH9CmtW//t5CSeD5WqbuQZ4cow=",
      "requires": {
        "easy-table": "1.1.0"
      }
    },
    "convnetjs": {
      "version": "0.3.0",
      "resolved": "https://registry.npmjs.org/convnetjs/-/convnetjs-0.3.0.tgz",
      "integrity": "sha1-I5KUjtj+Z7xX3k28/zQjoSfnwPU="
    },
    "core-js": {
      "version": "2.5.1",
      "resolved": "https://registry.npmjs.org/core-js/-/core-js-2.5.1.tgz",
      "integrity": "sha1-rmh03GaTd4m4B1T/VCjfZoGcpQs="
    },
    "core-util-is": {
      "version": "1.0.2",
      "resolved": "https://registry.npmjs.org/core-util-is/-/core-util-is-1.0.2.tgz",
      "integrity": "sha1-tf1UIgqivFq1eqtxQMlAdUUDwac="
    },
    "csv-parse": {
      "version": "1.2.2",
      "resolved": "https://registry.npmjs.org/csv-parse/-/csv-parse-1.2.2.tgz",
      "integrity": "sha512-py+jEha9R9d5Njy8nFYRkgMGIcXffRwaMG53/enHNFsI2ylqzzpLArotSH2Nk4vCb20sZ2eKsFpGO5l1TLY5HA=="
    },
    "cwise": {
      "version": "1.0.10",
      "resolved": "https://registry.npmjs.org/cwise/-/cwise-1.0.10.tgz",
      "integrity": "sha1-JO7mBy69/WuMb12tsXCQtkmxK+8=",
      "requires": {
        "cwise-compiler": "1.1.3",
        "cwise-parser": "1.0.3",
        "static-module": "1.5.0",
        "uglify-js": "2.8.29"
      }
    },
    "cwise-compiler": {
      "version": "1.1.3",
      "resolved": "https://registry.npmjs.org/cwise-compiler/-/cwise-compiler-1.1.3.tgz",
      "integrity": "sha1-9NZnQQ6FDToxOn0tt7HlBbsDTMU=",
      "requires": {
        "uniq": "1.0.1"
      }
    },
    "cwise-parser": {
      "version": "1.0.3",
      "resolved": "https://registry.npmjs.org/cwise-parser/-/cwise-parser-1.0.3.tgz",
      "integrity": "sha1-jkk8F9VPl8sDCp6YVLyGyd+zVP4=",
      "requires": {
        "esprima": "1.2.5",
        "uniq": "1.0.1"
      }
    },
    "cycle": {
      "version": "1.0.3",
      "resolved": "https://registry.npmjs.org/cycle/-/cycle-1.0.3.tgz",
      "integrity": "sha1-IegLK+hYD5i0aPN5QwZisEbDStI="
    },
    "date-extended": {
      "version": "0.0.6",
      "resolved": "https://registry.npmjs.org/date-extended/-/date-extended-0.0.6.tgz",
      "integrity": "sha1-I4AtV90b94GIE/4MMuhRqG2iZ8k=",
      "requires": {
        "array-extended": "0.0.11",
        "extended": "0.0.6",
        "is-extended": "0.0.10"
      }
    },
    "decamelize": {
      "version": "1.2.0",
      "resolved": "https://registry.npmjs.org/decamelize/-/decamelize-1.2.0.tgz",
      "integrity": "sha1-9lNNFRSCabIDUue+4m9QH5oZEpA="
    },
    "decimal.js": {
      "version": "7.2.3",
      "resolved": "https://registry.npmjs.org/decimal.js/-/decimal.js-7.2.3.tgz",
      "integrity": "sha512-AoFI37QS0S87Ft0r3Bdz4q9xSpm1Paa9lSeKLXgMPk/u/+QPIM5Gy4DHcZQS1seqPJH4gHLauPGn347z0HbsrA=="
    },
    "declare.js": {
      "version": "0.0.8",
      "resolved": "https://registry.npmjs.org/declare.js/-/declare.js-0.0.8.tgz",
      "integrity": "sha1-BHit/5VkwAT1Hfc9i8E0AZ0o3N4="
    },
    "defaults": {
      "version": "1.0.3",
      "resolved": "https://registry.npmjs.org/defaults/-/defaults-1.0.3.tgz",
      "integrity": "sha1-xlYFHpgX2f8I7YgUd/P+QBnz730=",
      "optional": true,
      "requires": {
        "clone": "1.0.2"
      }
    },
    "delayed-stream": {
      "version": "1.0.0",
      "resolved": "https://registry.npmjs.org/delayed-stream/-/delayed-stream-1.0.0.tgz",
      "integrity": "sha1-3zrhmayt+31ECqrgsp4icrJOxhk="
    },
    "dup": {
      "version": "1.0.0",
      "resolved": "https://registry.npmjs.org/dup/-/dup-1.0.0.tgz",
      "integrity": "sha1-UfxaxoX4GWRp3wuQXpNLIK9bQCk="
    },
    "duplexer2": {
      "version": "0.0.2",
      "resolved": "https://registry.npmjs.org/duplexer2/-/duplexer2-0.0.2.tgz",
      "integrity": "sha1-xhTc9n4vsUmVqRcR5aYX6KYKMds=",
      "requires": {
        "readable-stream": "1.1.14"
      },
      "dependencies": {
        "isarray": {
          "version": "0.0.1",
          "resolved": "https://registry.npmjs.org/isarray/-/isarray-0.0.1.tgz",
          "integrity": "sha1-ihis/Kmo9Bd+Cav8YDiTmwXR7t8="
        },
        "readable-stream": {
          "version": "1.1.14",
          "resolved": "https://registry.npmjs.org/readable-stream/-/readable-stream-1.1.14.tgz",
          "integrity": "sha1-fPTFTvZI44EwhMY23SB54WbAgdk=",
          "requires": {
            "core-util-is": "1.0.2",
            "inherits": "2.0.3",
            "isarray": "0.0.1",
            "string_decoder": "0.10.31"
          }
        },
        "string_decoder": {
          "version": "0.10.31",
          "resolved": "https://registry.npmjs.org/string_decoder/-/string_decoder-0.10.31.tgz",
          "integrity": "sha1-YuIDvEF2bGwoyfyEMB2rHFMQ+pQ="
        }
      }
    },
    "easy-table": {
      "version": "1.1.0",
      "resolved": "https://registry.npmjs.org/easy-table/-/easy-table-1.1.0.tgz",
      "integrity": "sha1-hvmrTBAvA3G3KXuSplHVgkvIy3M=",
      "requires": {
        "wcwidth": "1.0.1"
      }
    },
    "emitter-component": {
      "version": "1.1.1",
      "resolved": "https://registry.npmjs.org/emitter-component/-/emitter-component-1.1.1.tgz",
      "integrity": "sha1-Bl4tvtaVm/RwZ57avq95gdEAOrY="
    },
    "encoding": {
      "version": "0.1.12",
      "resolved": "https://registry.npmjs.org/encoding/-/encoding-0.1.12.tgz",
      "integrity": "sha1-U4tm8+5izRq1HsMjgp0flIDHS+s=",
      "requires": {
        "iconv-lite": "0.4.19"
      }
    },
    "encog": {
      "version": "1.3.0",
      "resolved": "https://registry.npmjs.org/encog/-/encog-1.3.0.tgz",
      "integrity": "sha1-WkFy8ScFx7rIAwk9W3v2Cu6gYw8=",
      "requires": {
        "colors": "1.1.2",
        "fast-csv": "2.4.1",
        "lodash": "4.17.4",
        "mathjs": "3.16.4",
        "q": "1.5.0",
        "require-all": "2.2.0",
        "semver": "5.4.1"
      }
    },
    "entropyjs": {
      "version": "0.0.1",
      "resolved": "https://registry.npmjs.org/entropyjs/-/entropyjs-0.0.1.tgz",
      "integrity": "sha1-DIATzrGNLOcV7hEv5Vnva6cNQK8=",
      "requires": {
        "core-js": "0.6.1"
      },
      "dependencies": {
        "core-js": {
          "version": "0.6.1",
          "resolved": "https://registry.npmjs.org/core-js/-/core-js-0.6.1.tgz",
          "integrity": "sha1-G0lwhz6BAb+MQ1rwlfqpAk9Lm1g="
        }
      }
    },
    "escodegen": {
      "version": "1.3.3",
      "resolved": "https://registry.npmjs.org/escodegen/-/escodegen-1.3.3.tgz",
      "integrity": "sha1-8CQBb1qI4Eb9EgBQVek5gC5sXyM=",
      "requires": {
        "esprima": "1.1.1",
        "estraverse": "1.5.1",
        "esutils": "1.0.0",
        "source-map": "0.1.43"
      },
      "dependencies": {
        "esprima": {
          "version": "1.1.1",
          "resolved": "https://registry.npmjs.org/esprima/-/esprima-1.1.1.tgz",
          "integrity": "sha1-W28VR/TRAuZw4UDFCb5ncdautUk="
        }
      }
    },
    "esprima": {
      "version": "1.2.5",
      "resolved": "https://registry.npmjs.org/esprima/-/esprima-1.2.5.tgz",
      "integrity": "sha1-CZNQL+r2aBODJXVvMPmlH+7sEek="
    },
    "estraverse": {
      "version": "1.5.1",
      "resolved": "https://registry.npmjs.org/estraverse/-/estraverse-1.5.1.tgz",
      "integrity": "sha1-hno+jlip+EYYr7bC3bzZFrfLr3E="
    },
    "esutils": {
      "version": "1.0.0",
      "resolved": "https://registry.npmjs.org/esutils/-/esutils-1.0.0.tgz",
      "integrity": "sha1-gVHTWOIMisx/t0XnRywAJf5JZXA="
    },
    "expectation-maximization": {
      "version": "1.5.0",
      "resolved": "https://registry.npmjs.org/expectation-maximization/-/expectation-maximization-1.5.0.tgz",
      "integrity": "sha1-NsB/TA9S2ilFFBCbqdYM1omGIE0=",
      "requires": {
        "multivariate-gaussian": "3.3.1",
        "numeric": "1.2.6"
      }
    },
    "extended": {
      "version": "0.0.6",
      "resolved": "https://registry.npmjs.org/extended/-/extended-0.0.6.tgz",
      "integrity": "sha1-f7i/e52uOXWG5IVwrP1kLHjlBmk=",
      "requires": {
        "extender": "0.0.10"
      }
    },
    "extender": {
      "version": "0.0.10",
      "resolved": "https://registry.npmjs.org/extender/-/extender-0.0.10.tgz",
      "integrity": "sha1-WJwHSCvmGhRgttgfnCSqZ+jzJM0=",
      "requires": {
        "declare.js": "0.0.8"
      }
    },
    "eyes": {
      "version": "0.1.8",
      "resolved": "https://registry.npmjs.org/eyes/-/eyes-0.1.8.tgz",
      "integrity": "sha1-Ys8SAjTGg3hdkCNIqADvPgzCC8A="
    },
    "falafel": {
      "version": "2.1.0",
      "resolved": "https://registry.npmjs.org/falafel/-/falafel-2.1.0.tgz",
      "integrity": "sha1-lrsXdh2rqU9G0AFzizzt86Z/4Gw=",
      "requires": {
        "acorn": "5.1.2",
        "foreach": "2.0.5",
        "isarray": "0.0.1",
        "object-keys": "1.0.11"
      },
      "dependencies": {
        "isarray": {
          "version": "0.0.1",
          "resolved": "https://registry.npmjs.org/isarray/-/isarray-0.0.1.tgz",
          "integrity": "sha1-ihis/Kmo9Bd+Cav8YDiTmwXR7t8="
        }
      }
    },
    "fast-csv": {
      "version": "2.4.1",
      "resolved": "https://registry.npmjs.org/fast-csv/-/fast-csv-2.4.1.tgz",
      "integrity": "sha1-vX3SaDkfcpNntZRFuN0K0CaIGyY=",
      "requires": {
        "extended": "0.0.6",
        "is-extended": "0.0.10",
        "object-extended": "0.0.7",
        "string-extended": "0.0.8"
      }
    },
    "foreach": {
      "version": "2.0.5",
      "resolved": "https://registry.npmjs.org/foreach/-/foreach-2.0.5.tgz",
      "integrity": "sha1-C+4AUBiusmDQo6865ljdATbsG5k="
    },
    "form-data": {
      "version": "1.0.1",
      "resolved": "https://registry.npmjs.org/form-data/-/form-data-1.0.1.tgz",
      "integrity": "sha1-rjFduaSQf6BlUCMEpm13M0de43w=",
      "requires": {
        "async": "2.5.0",
        "combined-stream": "1.0.5",
        "mime-types": "2.1.17"
      }
    },
    "fraction.js": {
      "version": "4.0.2",
      "resolved": "https://registry.npmjs.org/fraction.js/-/fraction.js-4.0.2.tgz",
      "integrity": "sha512-OswcigOSil3vYXgrPSx4NCaSyPikXqVNYN/4CyhS0ucVOJ4GVYr6KQQLLcAudvS/4bBOzxqJ3XIsFaaMjl98ZQ=="
    },
    "function-bind": {
      "version": "1.1.1",
      "resolved": "https://registry.npmjs.org/function-bind/-/function-bind-1.1.1.tgz",
      "integrity": "sha512-yIovAzMX49sF8Yl58fSCWJ5svSLuaibPxXQJFLmBObTuCr0Mf1KiPopGM9NiFjiYBCbfaa2Fh6breQ6ANVTI0A=="
    },
    "gaussian-mixture-model": {
      "version": "0.1.4",
      "resolved": "https://registry.npmjs.org/gaussian-mixture-model/-/gaussian-mixture-model-0.1.4.tgz",
      "integrity": "sha512-L3wlni8doyBsNfcmYmZ1MuX/tk/l5RUMKonyKalCZjM5XfgMCdGJYW3Dvd8jvxgemJ3CA/+zvrklXBs5Qh3rGQ==",
      "requires": {
        "cholesky-tools": "0.1.7"
      }
    },
    "hammerjs": {
      "version": "2.0.8",
      "resolved": "https://registry.npmjs.org/hammerjs/-/hammerjs-2.0.8.tgz",
      "integrity": "sha1-BO93hiz/K7edMPdpIJWTAiK/YPE="
    },
    "has": {
      "version": "1.0.1",
      "resolved": "https://registry.npmjs.org/has/-/has-1.0.1.tgz",
      "integrity": "sha1-hGFzP1OLCDfJNh45qauelwTcLyg=",
      "requires": {
        "function-bind": "1.1.1"
      }
    },
    "heap": {
      "version": "0.2.6",
      "resolved": "https://registry.npmjs.org/heap/-/heap-0.2.6.tgz",
      "integrity": "sha1-CH4fELBGky/IWU3Z5tN4r8nR5aw="
    },
    "iconv-lite": {
      "version": "0.4.19",
      "resolved": "https://registry.npmjs.org/iconv-lite/-/iconv-lite-0.4.19.tgz",
      "integrity": "sha1-90aPYBNfXl2tM5nAqBvpoWA6CCs="
    },
    "immutable": {
      "version": "3.8.2",
      "resolved": "https://registry.npmjs.org/immutable/-/immutable-3.8.2.tgz",
      "integrity": "sha1-wkOZUUVbs5kT2vKBN28VMOEErfM="
    },
    "inherits": {
      "version": "2.0.3",
      "resolved": "https://registry.npmjs.org/inherits/-/inherits-2.0.3.tgz",
      "integrity": "sha1-Yzwsg+PaQqUC9SRmAiSA9CCCYd4="
    },
    "iota-array": {
      "version": "1.0.0",
      "resolved": "https://registry.npmjs.org/iota-array/-/iota-array-1.0.0.tgz",
      "integrity": "sha1-ge9X/l0FgUzVjCSDYyqZwwoOgIc="
    },
    "is-buffer": {
      "version": "1.1.5",
      "resolved": "https://registry.npmjs.org/is-buffer/-/is-buffer-1.1.5.tgz",
      "integrity": "sha1-Hzsm72E7IUuIy8ojzGwB2Hlh7sw="
    },
    "is-extended": {
      "version": "0.0.10",
      "resolved": "https://registry.npmjs.org/is-extended/-/is-extended-0.0.10.tgz",
      "integrity": "sha1-JE4UDfdbscmjEG9BL/GC+1NKbWI=",
      "requires": {
        "extended": "0.0.6"
      }
    },
    "is-stream": {
      "version": "1.1.0",
      "resolved": "https://registry.npmjs.org/is-stream/-/is-stream-1.1.0.tgz",
      "integrity": "sha1-EtSj3U5o4Lec6428hBc66A2RykQ="
    },
    "isarray": {
      "version": "1.0.0",
      "resolved": "https://registry.npmjs.org/isarray/-/isarray-1.0.0.tgz",
      "integrity": "sha1-u5NdSFgsuhaMBoNJV6VKPgcSTxE="
    },
    "isndarray": {
      "version": "1.0.0",
      "resolved": "https://registry.npmjs.org/isndarray/-/isndarray-1.0.0.tgz",
      "integrity": "sha1-Z9HQjGG4sA3o8D4jTgMNpwEEAFw="
    },
    "javascript-natural-sort": {
      "version": "0.7.1",
      "resolved": "https://registry.npmjs.org/javascript-natural-sort/-/javascript-natural-sort-0.7.1.tgz",
      "integrity": "sha1-+eIwPUUH9tdDVac2ZNFED7Wg71k="
    },
    "keycharm": {
      "version": "0.2.0",
      "resolved": "https://registry.npmjs.org/keycharm/-/keycharm-0.2.0.tgz",
      "integrity": "sha1-+m6i5DuQpoAohD0n8gddNajD5vk="
    },
    "kind-of": {
      "version": "3.2.2",
      "resolved": "https://registry.npmjs.org/kind-of/-/kind-of-3.2.2.tgz",
      "integrity": "sha1-MeohpzS6ubuw8yRm2JOupR5KPGQ=",
      "requires": {
        "is-buffer": "1.1.5"
      }
    },
    "lazy-cache": {
      "version": "1.0.4",
      "resolved": "https://registry.npmjs.org/lazy-cache/-/lazy-cache-1.0.4.tgz",
      "integrity": "sha1-odePw6UEdMuAhF07O24dpJpEbo4="
    },
    "lodash": {
      "version": "4.17.4",
      "resolved": "https://registry.npmjs.org/lodash/-/lodash-4.17.4.tgz",
      "integrity": "sha1-eCA6TRwyiuHYbcpkYONptX9AVa4="
    },
    "longest": {
      "version": "1.0.1",
      "resolved": "https://registry.npmjs.org/longest/-/longest-1.0.1.tgz",
      "integrity": "sha1-MKCy2jj3N3DoKUoNIuZiXtd9AJc="
    },
    "mathjs": {
      "version": "3.16.4",
      "resolved": "https://registry.npmjs.org/mathjs/-/mathjs-3.16.4.tgz",
      "integrity": "sha512-y/JI7xGE30KLVJwireFEj1w364D6KcGEMA7zja62nUbwHTP9hU6lHKHOFgvDsVRXLhnNwPp92dwZDeD5xnYyQw==",
      "requires": {
        "complex.js": "2.0.4",
        "decimal.js": "7.2.3",
        "fraction.js": "4.0.2",
        "javascript-natural-sort": "0.7.1",
        "seed-random": "2.2.0",
        "tiny-emitter": "2.0.0",
        "typed-function": "0.10.5"
      }
    },
    "median-quickselect": {
      "version": "1.0.1",
      "resolved": "https://registry.npmjs.org/median-quickselect/-/median-quickselect-1.0.1.tgz",
      "integrity": "sha1-3jQIA1pbLwQ4o5uZiT+vPn1hd/g="
    },
    "mime-db": {
      "version": "1.30.0",
      "resolved": "https://registry.npmjs.org/mime-db/-/mime-db-1.30.0.tgz",
      "integrity": "sha1-dMZD2i3Z1qRTmZY0ZbJtXKfXHwE="
    },
    "mime-types": {
      "version": "2.1.17",
      "resolved": "https://registry.npmjs.org/mime-types/-/mime-types-2.1.17.tgz",
      "integrity": "sha1-Cdejk/A+mVp5+K+Fe3Cp4KsWVXo=",
      "requires": {
        "mime-db": "1.30.0"
      }
    },
    "minimist": {
      "version": "0.0.8",
      "resolved": "https://registry.npmjs.org/minimist/-/minimist-0.0.8.tgz",
      "integrity": "sha1-hX/Kv8M5fSYluCKCYuhqp6ARsF0="
    },
    "mkdirp": {
      "version": "0.5.1",
      "resolved": "https://registry.npmjs.org/mkdirp/-/mkdirp-0.5.1.tgz",
      "integrity": "sha1-MAV0OOrGz3+MR2fzhkjWaX11yQM=",
      "requires": {
        "minimist": "0.0.8"
      }
    },
    "ml-array-max": {
      "version": "1.0.1",
      "resolved": "https://registry.npmjs.org/ml-array-max/-/ml-array-max-1.0.1.tgz",
      "integrity": "sha1-vWITseD9zPDuu5yaZ3wtJAWpIYE="
    },
    "ml-array-mean": {
      "version": "1.0.1",
      "resolved": "https://registry.npmjs.org/ml-array-mean/-/ml-array-mean-1.0.1.tgz",
      "integrity": "sha512-CeA/ArUcgaktO4Dw/NNmXqSw6W0f4MUAb2jaHSEak4gjEV6G9fDXbQmb7HQuGqJUs9QpBxwJgc0kxGG67/Kxtw=="
    },
    "ml-array-median": {
      "version": "1.0.1",
      "resolved": "https://registry.npmjs.org/ml-array-median/-/ml-array-median-1.0.1.tgz",
      "integrity": "sha512-uZOkfoSngNKF56HrO1gHsjqHOO9jmSyy+l8d/IAXL/yStWZXpPcUc5dFJv2Z82b3/+MFK7coO/t5nWkLFLccEA==",
      "requires": {
        "median-quickselect": "1.0.1"
      }
    },
    "ml-array-min": {
      "version": "1.0.1",
      "resolved": "https://registry.npmjs.org/ml-array-min/-/ml-array-min-1.0.1.tgz",
      "integrity": "sha1-VEtx7gsvOOYJPmpZZK+Kba/yLyg="
    },
    "ml-array-rescale": {
      "version": "1.1.0",
      "resolved": "https://registry.npmjs.org/ml-array-rescale/-/ml-array-rescale-1.1.0.tgz",
      "integrity": "sha1-5aaq/yR4ZdHhyKz7jvYw/l3x46I=",
      "requires": {
        "ml-array-max": "1.0.1",
        "ml-array-min": "1.0.1"
      }
    },
    "ml-cart": {
      "version": "1.0.8",
      "resolved": "https://registry.npmjs.org/ml-cart/-/ml-cart-1.0.8.tgz",
      "integrity": "sha512-19ZoyUwza/Cy9kBZwERZF2Rgl8qzVRIUfyZ/zy3Q5RKVTLPD3pAJwxJljl59LpitVAbjKDwpFDfeQn7Oafv7nw==",
      "requires": {
        "ml-array-mean": "1.0.1",
        "ml-matrix": "5.0.1"
      }
    },
    "ml-combinations": {
      "version": "1.0.1",
      "resolved": "https://registry.npmjs.org/ml-combinations/-/ml-combinations-1.0.1.tgz",
      "integrity": "sha1-Et4OU41+1f9PzyCZJIeOpmqLpFE="
    },
    "ml-confusion-matrix": {
      "version": "0.3.0",
      "resolved": "https://registry.npmjs.org/ml-confusion-matrix/-/ml-confusion-matrix-0.3.0.tgz",
      "integrity": "sha512-RtXb5Ji6rIW092a2d6NbkZiupjr5WOvlNvkyAfRwWTLYcUHCc9lHfzdWcO4SKFAO7Rrx0uK9jVMUtxgcT9E5RA=="
    },
    "ml-cross-validation": {
      "version": "1.1.0",
      "resolved": "https://registry.npmjs.org/ml-cross-validation/-/ml-cross-validation-1.1.0.tgz",
      "integrity": "sha512-4yLVYJk+x/6PDieiemOToxY6fpWHg4Izb+m9iuO+0DcpyR/Bfxw7RW0apHWp4R/2wgEJYUO9Sp/Y8NwXQ0NFBQ==",
      "requires": {
        "ml-combinations": "1.0.1",
        "ml-confusion-matrix": "0.3.0"
      }
    },
    "ml-distance": {
      "version": "2.1.1",
      "resolved": "https://registry.npmjs.org/ml-distance/-/ml-distance-2.1.1.tgz",
      "integrity": "sha1-9swfKXCBnLQuaMaN42Mwm6O9B58=",
      "requires": {
        "ml-distance-euclidean": "1.0.0",
        "ml-stat": "1.3.3",
        "ml-tree-similarity": "0.0.0"
      }
    },
    "ml-distance-euclidean": {
      "version": "1.0.0",
      "resolved": "https://registry.npmjs.org/ml-distance-euclidean/-/ml-distance-euclidean-1.0.0.tgz",
      "integrity": "sha1-CER8IjNkGisqm0wp5feS0o8dW5U="
    },
    "ml-distance-matrix": {
      "version": "1.0.0",
      "resolved": "https://registry.npmjs.org/ml-distance-matrix/-/ml-distance-matrix-1.0.0.tgz",
      "integrity": "sha1-HR6kcSsHDDVAe6Zmuoo4vDQs5+s="
    },
    "ml-hclust": {
      "version": "1.3.0",
      "resolved": "https://registry.npmjs.org/ml-hclust/-/ml-hclust-1.3.0.tgz",
      "integrity": "sha1-a+BbvSafZx5n/WbVSPRC6K3Vk00=",
      "requires": {
        "heap": "0.2.6",
        "ml-distance-euclidean": "1.0.0",
        "ml-distance-matrix": "1.0.0"
      }
    },
    "ml-kernel": {
      "version": "2.3.4",
      "resolved": "https://registry.npmjs.org/ml-kernel/-/ml-kernel-2.3.4.tgz",
      "integrity": "sha512-XH841rI/FANQD1JbhJuSy2XpXmstDjTRoYqJTQRq3V+sZmphvOKIJx1bWTr2vCxduDcWV/M77AYPZRivqt5QTA==",
      "requires": {
        "ml-distance-euclidean": "1.0.0",
        "ml-kernel-gaussian": "2.0.1",
        "ml-kernel-polynomial": "2.0.0",
        "ml-kernel-sigmoid": "1.0.0",
        "ml-matrix": "5.0.1"
      }
    },
    "ml-kernel-gaussian": {
      "version": "2.0.1",
      "resolved": "https://registry.npmjs.org/ml-kernel-gaussian/-/ml-kernel-gaussian-2.0.1.tgz",
      "integrity": "sha1-oBrvn0T1vMETQbCaODsbMvEZM8A=",
      "requires": {
        "ml-distance-euclidean": "1.0.0"
      }
    },
    "ml-kernel-polynomial": {
      "version": "2.0.0",
      "resolved": "https://registry.npmjs.org/ml-kernel-polynomial/-/ml-kernel-polynomial-2.0.0.tgz",
      "integrity": "sha1-jsAsAsy2i/JakvvMtNVaSzh8gxM="
    },
    "ml-kernel-sigmoid": {
      "version": "1.0.0",
      "resolved": "https://registry.npmjs.org/ml-kernel-sigmoid/-/ml-kernel-sigmoid-1.0.0.tgz",
      "integrity": "sha1-iEsovhP2GmClFz8EJA6AlusdnNI="
    },
    "ml-kmeans": {
      "version": "3.0.0",
      "resolved": "https://registry.npmjs.org/ml-kmeans/-/ml-kmeans-3.0.0.tgz",
      "integrity": "sha1-WCqrU92FLx9hi/+S2Lqg+E2ESrI=",
      "requires": {
        "RandomSelection": "1.0.1",
        "ml-distance-euclidean": "1.0.0",
        "ml-nearest-vector": "1.0.1"
      }
    },
    "ml-knn": {
      "version": "2.1.2",
      "resolved": "https://registry.npmjs.org/ml-knn/-/ml-knn-2.1.2.tgz",
      "integrity": "sha512-HAb8k07nXU+busCj7e2iNB6dvebl8uNRQFXTwkI3Hd711GtMz2uNVBeNRPxP9FtG5CRNozKRQQDhF0uGt0qWrw==",
      "requires": {
        "ml-distance-euclidean": "1.0.0"
      }
    },
    "ml-matrix": {
      "version": "5.0.1",
      "resolved": "https://registry.npmjs.org/ml-matrix/-/ml-matrix-5.0.1.tgz",
      "integrity": "sha1-LLHyCzPtigR12t1oynpvfaXFSCw=",
      "requires": {
        "ml-array-rescale": "1.1.0"
      }
    },
    "ml-nearest-vector": {
      "version": "1.0.1",
      "resolved": "https://registry.npmjs.org/ml-nearest-vector/-/ml-nearest-vector-1.0.1.tgz",
      "integrity": "sha1-im0AF3ofIKsM38xnKp3qPdmVyIA=",
      "requires": {
        "ml-distance-euclidean": "1.0.0"
      }
    },
    "ml-pca": {
      "version": "2.1.0",
      "resolved": "https://registry.npmjs.org/ml-pca/-/ml-pca-2.1.0.tgz",
      "integrity": "sha512-ZMlVsezHbeBok6ZxSlPA4O0lJzf9d+8vfdzTvcSFexkv1FXwr+GnLC6ypsOmdzgtm0InV6e+fLYAo2Sr/+yjow==",
      "requires": {
        "ml-matrix": "5.0.1",
        "ml-stat": "1.3.3"
      }
    },
    "ml-performance": {
      "version": "0.2.0",
      "resolved": "https://registry.npmjs.org/ml-performance/-/ml-performance-0.2.0.tgz",
      "integrity": "sha1-RzZISoY858pTthuA8ZmiZkCxamY="
    },
    "ml-preprocess": {
      "version": "0.1.0",
      "resolved": "https://registry.npmjs.org/ml-preprocess/-/ml-preprocess-0.1.0.tgz",
      "integrity": "sha512-ZZ85jt3hhCR8OH8hb844P8HMD8p+vtQlMnnLYBmlUupXsNb6bsDnQMDgWgtH0z67/FFMccyhUYYZ+2xx1OEZPw==",
      "requires": {
        "ml-array-mean": "1.0.1",
        "ml-matrix": "5.0.1",
        "ml-stat": "1.3.3"
      }
    },
    "ml-random-forest": {
      "version": "1.0.2",
      "resolved": "https://registry.npmjs.org/ml-random-forest/-/ml-random-forest-1.0.2.tgz",
      "integrity": "sha512-asVLBbD4KbFVw50YQ9Yu/nw6itMCVMNNPlwTjsLtVV/SzHy3c4SIwVTKow8+MLipmYKFEfGwHrz8grHcFsz9xg==",
      "requires": {
        "ml-array-mean": "1.0.1",
        "ml-array-median": "1.0.1",
        "ml-cart": "1.0.8",
        "ml-matrix": "5.0.1",
        "random-js": "1.0.8"
      }
    },
    "ml-stat": {
      "version": "1.3.3",
      "resolved": "https://registry.npmjs.org/ml-stat/-/ml-stat-1.3.3.tgz",
      "integrity": "sha1-ilSTsPZzgvv3BcJg4HBDZlWn3Po="
    },
    "ml-svm": {
      "version": "2.1.2",
      "resolved": "https://registry.npmjs.org/ml-svm/-/ml-svm-2.1.2.tgz",
      "integrity": "sha1-uuy9LjWoPuZ16NgbkhfOXf3/1Sk=",
      "requires": {
        "ml-kernel": "2.3.4",
        "ml-stat": "1.3.3"
      }
    },
    "ml-tree-similarity": {
      "version": "0.0.0",
      "resolved": "https://registry.npmjs.org/ml-tree-similarity/-/ml-tree-similarity-0.0.0.tgz",
      "integrity": "sha1-CIRlV5jKraLMbx8TdFe0sKKrbN0="
    },
    "mljs": {
      "version": "8.0.9",
      "resolved": "https://registry.npmjs.org/mljs/-/mljs-8.0.9.tgz",
      "integrity": "sha1-oY9NOZlH/HnqQTMTkhBCosBp/dU=",
      "requires": {
        "form-data": "1.0.1",
        "request": "2.1.1",
        "underscore": "1.1.7",
        "winston": "0.6.2",
        "xmldom": "0.1.27"
      }
    },
    "moment": {
      "version": "2.18.1",
      "resolved": "https://registry.npmjs.org/moment/-/moment-2.18.1.tgz",
      "integrity": "sha1-w2GT3Tzhwu7SrbfIAtu8d6gbHA8="
    },
    "multivariate-gaussian": {
      "version": "3.3.1",
      "resolved": "https://registry.npmjs.org/multivariate-gaussian/-/multivariate-gaussian-3.3.1.tgz",
      "integrity": "sha1-ETaYkMakT8//EsSIvfoVaAdwQ98=",
      "requires": {
        "numeric": "1.2.6"
      }
    },
    "ndarray": {
      "version": "1.0.18",
      "resolved": "https://registry.npmjs.org/ndarray/-/ndarray-1.0.18.tgz",
      "integrity": "sha1-tg06cyJOxVXQ+qeXEeUCRI/T95M=",
      "requires": {
        "iota-array": "1.0.0",
        "is-buffer": "1.1.5"
      }
    },
    "ndarray-blas-level1": {
      "version": "1.1.3",
      "resolved": "https://registry.npmjs.org/ndarray-blas-level1/-/ndarray-blas-level1-1.1.3.tgz",
      "integrity": "sha1-7BXPrO2BmH1lGgizcf+3u929eYI="
    },
    "ndarray-fill": {
      "version": "1.0.2",
      "resolved": "https://registry.npmjs.org/ndarray-fill/-/ndarray-fill-1.0.2.tgz",
      "integrity": "sha1-owpg9xiODJWC/N1YiWrNy1IqHtY=",
      "requires": {
        "cwise": "1.0.10"
      }
    },
    "ndarray-linspace": {
      "version": "2.0.3",
      "resolved": "https://registry.npmjs.org/ndarray-linspace/-/ndarray-linspace-2.0.3.tgz",
      "integrity": "sha1-ynB5ug1YyHwLtCAh1eT3lmiYt5E=",
      "requires": {
        "isndarray": "1.0.0",
        "ndarray-fill": "1.0.2",
        "validate.io-boolean": "1.0.4",
        "validate.io-nonnegative-integer": "1.0.0"
      }
    },
    "ndarray-ops": {
      "version": "1.2.2",
      "resolved": "https://registry.npmjs.org/ndarray-ops/-/ndarray-ops-1.2.2.tgz",
      "integrity": "sha1-WeiNLDKn7ryxvGkPrhQVeVV6YU4=",
      "requires": {
        "cwise-compiler": "1.1.3"
      }
    },
    "ndarray-pack": {
      "version": "1.2.1",
      "resolved": "https://registry.npmjs.org/ndarray-pack/-/ndarray-pack-1.2.1.tgz",
      "integrity": "sha1-jK6+qqJNXs9w/4YCBjeXfajuWFo=",
      "requires": {
        "cwise-compiler": "1.1.3",
        "ndarray": "1.0.18"
      }
    },
    "ndarray-unpack": {
      "version": "1.0.0",
      "resolved": "https://registry.npmjs.org/ndarray-unpack/-/ndarray-unpack-1.0.0.tgz",
      "integrity": "sha1-S1PHZzAKXjkJuLUiWrVcbohtkdw=",
      "requires": {
        "cwise": "1.0.10",
        "dup": "1.0.0"
      }
    },
    "neocortex-js": {
      "version": "0.5.0",
      "resolved": "https://registry.npmjs.org/neocortex-js/-/neocortex-js-0.5.0.tgz",
      "integrity": "sha1-jHHM35YTLPtIdFvPdoIe9j2+V1g=",
      "requires": {
        "axios": "0.7.0",
        "bluebird": "3.5.1",
        "cwise": "1.0.10",
        "cwise-compiler": "1.1.3",
        "ndarray": "1.0.18",
        "ndarray-blas-level1": "1.1.3",
        "ndarray-ops": "1.2.2",
        "ndarray-unpack": "1.0.0"
      }
    },
    "node-fetch": {
      "version": "1.7.3",
      "resolved": "https://registry.npmjs.org/node-fetch/-/node-fetch-1.7.3.tgz",
      "integrity": "sha1-mA9vcthSEaU0fGsrwYxbhMPrR+8=",
      "requires": {
        "encoding": "0.1.12",
        "is-stream": "1.1.0"
      }
    },
    "numeric": {
      "version": "1.2.6",
      "resolved": "https://registry.npmjs.org/numeric/-/numeric-1.2.6.tgz",
      "integrity": "sha1-dlsCvvl5iPz4gNTrPza4D6MTNao="
    },
    "object-extended": {
      "version": "0.0.7",
      "resolved": "https://registry.npmjs.org/object-extended/-/object-extended-0.0.7.tgz",
      "integrity": "sha1-hP0j9WsVWCrrPoiwXLVdJDLWijM=",
      "requires": {
        "array-extended": "0.0.11",
        "extended": "0.0.6",
        "is-extended": "0.0.10"
      }
    },
    "object-inspect": {
      "version": "0.4.0",
      "resolved": "https://registry.npmjs.org/object-inspect/-/object-inspect-0.4.0.tgz",
      "integrity": "sha1-9RV8EWwUVbJDsG7pdwM5LFrYn+w="
    },
    "object-keys": {
      "version": "1.0.11",
      "resolved": "https://registry.npmjs.org/object-keys/-/object-keys-1.0.11.tgz",
      "integrity": "sha1-xUYBd4rVYPEULODgG8yotW0TQm0="
    },
    "pandas-js": {
      "version": "0.2.4",
      "resolved": "https://registry.npmjs.org/pandas-js/-/pandas-js-0.2.4.tgz",
      "integrity": "sha1-e/vaeaqw5cJ4IDeJyia3A2MyNdc=",
      "requires": {
        "immutable": "3.8.2"
      }
    },
    "pkginfo": {
      "version": "0.2.3",
      "resolved": "https://registry.npmjs.org/pkginfo/-/pkginfo-0.2.3.tgz",
      "integrity": "sha1-cjnEKl72wwuPMoQ52bn/cQQkkPg="
    },
    "plotly": {
      "version": "1.0.6",
      "resolved": "https://registry.npmjs.org/plotly/-/plotly-1.0.6.tgz",
      "integrity": "sha1-smcsPfiDM2Jb32hJgtDj9lIdeqo=",
      "requires": {
        "mkdirp": "0.5.1"
      }
    },
    "plotly-notebook-js": {
      "version": "0.1.2",
      "resolved": "https://registry.npmjs.org/plotly-notebook-js/-/plotly-notebook-js-0.1.2.tgz",
      "integrity": "sha1-f5HK+3aRY7odW7nPi6MFBOVwImo="
    },
    "process-nextick-args": {
      "version": "1.0.7",
      "resolved": "https://registry.npmjs.org/process-nextick-args/-/process-nextick-args-1.0.7.tgz",
      "integrity": "sha1-FQ4gt1ZZCtP5EJPyWk8q2L/zC6M="
    },
    "propagating-hammerjs": {
      "version": "1.4.6",
      "resolved": "https://registry.npmjs.org/propagating-hammerjs/-/propagating-hammerjs-1.4.6.tgz",
      "integrity": "sha1-/tAOmwB2f/1C0U9bUxvEk+tnLjc=",
      "requires": {
        "hammerjs": "2.0.8"
      }
    },
    "q": {
      "version": "1.5.0",
      "resolved": "https://registry.npmjs.org/q/-/q-1.5.0.tgz",
      "integrity": "sha1-3QG6ydBtMObyGa7LglPunr3DCPE="
    },
    "quote-stream": {
      "version": "0.0.0",
      "resolved": "https://registry.npmjs.org/quote-stream/-/quote-stream-0.0.0.tgz",
      "integrity": "sha1-zeKelMQJsW4Z3HCYuJtmWPlyHTs=",
      "requires": {
        "minimist": "0.0.8",
        "through2": "0.4.2"
      }
    },
    "random-js": {
      "version": "1.0.8",
      "resolved": "https://registry.npmjs.org/random-js/-/random-js-1.0.8.tgz",
      "integrity": "sha1-lo/WiabyXWwKrHZig94vaIycGQo="
    },
    "readable-stream": {
      "version": "1.0.34",
      "resolved": "https://registry.npmjs.org/readable-stream/-/readable-stream-1.0.34.tgz",
      "integrity": "sha1-Elgg40vIQtLyqq+v5MKRbuMsFXw=",
      "requires": {
        "core-util-is": "1.0.2",
        "inherits": "2.0.3",
        "isarray": "0.0.1",
        "string_decoder": "0.10.31"
      },
      "dependencies": {
        "isarray": {
          "version": "0.0.1",
          "resolved": "https://registry.npmjs.org/isarray/-/isarray-0.0.1.tgz",
          "integrity": "sha1-ihis/Kmo9Bd+Cav8YDiTmwXR7t8="
        },
        "string_decoder": {
          "version": "0.10.31",
          "resolved": "https://registry.npmjs.org/string_decoder/-/string_decoder-0.10.31.tgz",
          "integrity": "sha1-YuIDvEF2bGwoyfyEMB2rHFMQ+pQ="
        }
      }
    },
    "regenerator-runtime": {
      "version": "0.11.0",
      "resolved": "https://registry.npmjs.org/regenerator-runtime/-/regenerator-runtime-0.11.0.tgz",
      "integrity": "sha512-/aA0kLeRb5N9K0d4fw7ooEbI+xDe+DKD499EQqygGqeS8N3xto15p09uY2xj7ixP81sNPXvRLnAQIqdVStgb1A=="
    },
    "regression": {
      "version": "2.0.0",
      "resolved": "https://registry.npmjs.org/regression/-/regression-2.0.0.tgz",
      "integrity": "sha1-DyPkAS8KTCte+Ci09LTjn3LfuWo="
    },
    "repeat-string": {
      "version": "1.6.1",
      "resolved": "https://registry.npmjs.org/repeat-string/-/repeat-string-1.6.1.tgz",
      "integrity": "sha1-jcrkcOHIirwtYA//Sndihtp15jc="
    },
    "request": {
      "version": "2.1.1",
      "resolved": "https://registry.npmjs.org/request/-/request-2.1.1.tgz",
      "integrity": "sha1-VXDgxzfWVuvW0dPICqUQ08+Gxvo="
    },
    "require-all": {
      "version": "2.2.0",
      "resolved": "https://registry.npmjs.org/require-all/-/require-all-2.2.0.tgz",
      "integrity": "sha1-tEIMIzrAKC0P9Jsnf7iAqLXeCJQ="
    },
    "right-align": {
      "version": "0.1.3",
      "resolved": "https://registry.npmjs.org/right-align/-/right-align-0.1.3.tgz",
      "integrity": "sha1-YTObci/mo1FWiSENJOFMlhSGE+8=",
      "requires": {
        "align-text": "0.1.4"
      }
    },
    "safe-buffer": {
      "version": "5.1.1",
      "resolved": "https://registry.npmjs.org/safe-buffer/-/safe-buffer-5.1.1.tgz",
      "integrity": "sha512-kKvNJn6Mm93gAczWVJg7wH+wGYWNrDHdWvpUmHyEsgCtIwwo3bqPtV4tR5tuPaUhTOo/kvhVwd8XwwOllGYkbg=="
    },
    "seed-random": {
      "version": "2.2.0",
      "resolved": "https://registry.npmjs.org/seed-random/-/seed-random-2.2.0.tgz",
      "integrity": "sha1-KpsZ4lCoFwmSMaW5mk2vgLf77VQ="
    },
    "semver": {
      "version": "5.4.1",
      "resolved": "https://registry.npmjs.org/semver/-/semver-5.4.1.tgz",
      "integrity": "sha512-WfG/X9+oATh81XtllIo/I8gOiY9EXRdv1cQdyykeXK17YcUW3EXUAi2To4pcH6nZtJPr7ZOpM5OMyWJZm+8Rsg=="
    },
    "shallow-copy": {
      "version": "0.0.1",
      "resolved": "https://registry.npmjs.org/shallow-copy/-/shallow-copy-0.0.1.tgz",
      "integrity": "sha1-QV9CcC1z2BAzApLMXuhurhoRoXA="
    },
    "source-map": {
      "version": "0.1.43",
      "resolved": "https://registry.npmjs.org/source-map/-/source-map-0.1.43.tgz",
      "integrity": "sha1-wkvBRspRfBRx9drL4lcbK3+eM0Y=",
      "optional": true,
      "requires": {
        "amdefine": "1.0.1"
      }
    },
    "stack-trace": {
      "version": "0.0.10",
      "resolved": "https://registry.npmjs.org/stack-trace/-/stack-trace-0.0.10.tgz",
      "integrity": "sha1-VHxws0fo0ytOEI6hoqFZ5f3eGcA="
    },
    "static-eval": {
      "version": "0.2.4",
      "resolved": "https://registry.npmjs.org/static-eval/-/static-eval-0.2.4.tgz",
      "integrity": "sha1-t9NNg4k3uWn5ZBygfUj47eJj6ns=",
      "requires": {
        "escodegen": "0.0.28"
      },
      "dependencies": {
        "escodegen": {
          "version": "0.0.28",
          "resolved": "https://registry.npmjs.org/escodegen/-/escodegen-0.0.28.tgz",
          "integrity": "sha1-Dk/xcV8yh3XWyrUaxEpAbNer/9M=",
          "requires": {
            "esprima": "1.0.4",
            "estraverse": "1.3.2",
            "source-map": "0.1.43"
          }
        },
        "esprima": {
          "version": "1.0.4",
          "resolved": "https://registry.npmjs.org/esprima/-/esprima-1.0.4.tgz",
          "integrity": "sha1-n1V+CPw7TSbs6d00+Pv0drYlha0="
        },
        "estraverse": {
          "version": "1.3.2",
          "resolved": "https://registry.npmjs.org/estraverse/-/estraverse-1.3.2.tgz",
          "integrity": "sha1-N8K4k+8T1yPydth41g2FNRUqbEI="
        }
      }
    },
    "static-module": {
      "version": "1.5.0",
      "resolved": "https://registry.npmjs.org/static-module/-/static-module-1.5.0.tgz",
      "integrity": "sha1-J9qYg8QajNCSNvhC8MHrxu32PYY=",
      "requires": {
        "concat-stream": "1.6.0",
        "duplexer2": "0.0.2",
        "escodegen": "1.3.3",
        "falafel": "2.1.0",
        "has": "1.0.1",
        "object-inspect": "0.4.0",
        "quote-stream": "0.0.0",
        "readable-stream": "1.0.34",
        "shallow-copy": "0.0.1",
        "static-eval": "0.2.4",
        "through2": "0.4.2"
      }
    },
    "string-extended": {
      "version": "0.0.8",
      "resolved": "https://registry.npmjs.org/string-extended/-/string-extended-0.0.8.tgz",
      "integrity": "sha1-dBlX3/SHsCcqee7FpE8jnubxfM0=",
      "requires": {
        "array-extended": "0.0.11",
        "date-extended": "0.0.6",
        "extended": "0.0.6",
        "is-extended": "0.0.10"
      }
    },
    "string_decoder": {
      "version": "1.0.3",
      "resolved": "https://registry.npmjs.org/string_decoder/-/string_decoder-1.0.3.tgz",
      "integrity": "sha512-4AH6Z5fzNNBcH+6XDMfA/BTt87skxqJlO0lAh3Dker5zThcAxG6mKz+iGu308UKoPPQ8Dcqx/4JhujzltRa+hQ==",
      "requires": {
        "safe-buffer": "5.1.1"
      }
    },
    "text-table": {
      "version": "0.2.0",
      "resolved": "https://registry.npmjs.org/text-table/-/text-table-0.2.0.tgz",
      "integrity": "sha1-f17oI66AUgfACvLfSoTsP8+lcLQ="
    },
    "through2": {
      "version": "0.4.2",
      "resolved": "https://registry.npmjs.org/through2/-/through2-0.4.2.tgz",
      "integrity": "sha1-2/WGYDEVHsg1K7bE22SiKSqEC5s=",
      "requires": {
        "readable-stream": "1.0.34",
        "xtend": "2.1.2"
      }
    },
    "tiny-emitter": {
      "version": "2.0.0",
      "resolved": "https://registry.npmjs.org/tiny-emitter/-/tiny-emitter-2.0.0.tgz",
      "integrity": "sha1-utMnrbGAS0KiMa+nQVMr2ITNCa0="
    },
    "typed-function": {
      "version": "0.10.5",
      "resolved": "https://registry.npmjs.org/typed-function/-/typed-function-0.10.5.tgz",
      "integrity": "sha1-Lg8Yq9BlIZ+raUpEamXG0ZgYMsA="
    },
    "typedarray": {
      "version": "0.0.6",
      "resolved": "https://registry.npmjs.org/typedarray/-/typedarray-0.0.6.tgz",
      "integrity": "sha1-hnrHTjhkGHsdPUfZlqeOxciDB3c="
    },
    "uglify-js": {
      "version": "2.8.29",
      "resolved": "https://registry.npmjs.org/uglify-js/-/uglify-js-2.8.29.tgz",
      "integrity": "sha1-KcVzMUgFe7Th913zW3qcty5qWd0=",
      "requires": {
        "source-map": "0.5.7",
        "uglify-to-browserify": "1.0.2",
        "yargs": "3.10.0"
      },
      "dependencies": {
        "source-map": {
          "version": "0.5.7",
          "resolved": "https://registry.npmjs.org/source-map/-/source-map-0.5.7.tgz",
          "integrity": "sha1-igOdLRAh0i0eoUyA2OpGi6LvP8w="
        }
      }
    },
    "uglify-to-browserify": {
      "version": "1.0.2",
      "resolved": "https://registry.npmjs.org/uglify-to-browserify/-/uglify-to-browserify-1.0.2.tgz",
      "integrity": "sha1-bgkk1r2mta/jSeOabWMoUKD4grc=",
      "optional": true
    },
    "underscore": {
      "version": "1.1.7",
      "resolved": "https://registry.npmjs.org/underscore/-/underscore-1.1.7.tgz",
      "integrity": "sha1-QLq4S60Z0jAJbo1u9ii/8FXYPbA="
    },
    "uniq": {
      "version": "1.0.1",
      "resolved": "https://registry.npmjs.org/uniq/-/uniq-1.0.1.tgz",
      "integrity": "sha1-sxxa6CVIRKOoKBVBzisEuGWnNP8="
    },
    "util-deprecate": {
      "version": "1.0.2",
      "resolved": "https://registry.npmjs.org/util-deprecate/-/util-deprecate-1.0.2.tgz",
      "integrity": "sha1-RQ1Nyfpw3nMnYvvS1KKJgUGaDM8="
    },
    "validate.io-boolean": {
      "version": "1.0.4",
      "resolved": "https://registry.npmjs.org/validate.io-boolean/-/validate.io-boolean-1.0.4.tgz",
      "integrity": "sha1-1ret4fhi1inuRICjLf3ruPqVEKM="
    },
    "validate.io-integer": {
      "version": "1.0.5",
      "resolved": "https://registry.npmjs.org/validate.io-integer/-/validate.io-integer-1.0.5.tgz",
      "integrity": "sha1-FoSWSAuVviJH7EQ/IjPeT4mHgGg=",
      "requires": {
        "validate.io-number": "1.0.3"
      }
    },
    "validate.io-nonnegative-integer": {
      "version": "1.0.0",
      "resolved": "https://registry.npmjs.org/validate.io-nonnegative-integer/-/validate.io-nonnegative-integer-1.0.0.tgz",
      "integrity": "sha1-gGkkOgjF+Y6VQTySnf17GPP28p8=",
      "requires": {
        "validate.io-integer": "1.0.5"
      }
    },
    "validate.io-number": {
      "version": "1.0.3",
      "resolved": "https://registry.npmjs.org/validate.io-number/-/validate.io-number-1.0.3.tgz",
      "integrity": "sha1-9j/+2iSL8opnqNSODjtGGhZluvg="
    },
    "vis": {
      "version": "4.20.1",
      "resolved": "https://registry.npmjs.org/vis/-/vis-4.20.1.tgz",
      "integrity": "sha1-Z+ku2v5y2mOxXJMCmRr57fL4Zhk=",
      "requires": {
        "emitter-component": "1.1.1",
        "hammerjs": "2.0.8",
        "keycharm": "0.2.0",
        "moment": "2.18.1",
        "propagating-hammerjs": "1.4.6"
      }
    },
    "wcwidth": {
      "version": "1.0.1",
      "resolved": "https://registry.npmjs.org/wcwidth/-/wcwidth-1.0.1.tgz",
      "integrity": "sha1-8LDc+RW8X/FSivrbLA4XtTLaL+g=",
      "optional": true,
      "requires": {
        "defaults": "1.0.3"
      }
    },
    "window-size": {
      "version": "0.1.0",
      "resolved": "https://registry.npmjs.org/window-size/-/window-size-0.1.0.tgz",
      "integrity": "sha1-VDjNLqk7IC76Ohn+iIeu58lPnJ0="
    },
    "winston": {
      "version": "0.6.2",
      "resolved": "https://registry.npmjs.org/winston/-/winston-0.6.2.tgz",
      "integrity": "sha1-QUT+JYbNwZphK/jANVkBMskGS9I=",
      "requires": {
        "async": "0.1.22",
        "colors": "0.6.2",
        "cycle": "1.0.3",
        "eyes": "0.1.8",
        "pkginfo": "0.2.3",
        "request": "2.9.203",
        "stack-trace": "0.0.10"
      },
      "dependencies": {
        "async": {
          "version": "0.1.22",
          "resolved": "https://registry.npmjs.org/async/-/async-0.1.22.tgz",
          "integrity": "sha1-D8GqoIig4+8Ovi2IMbqw3PiEUGE="
        },
        "colors": {
          "version": "0.6.2",
          "resolved": "https://registry.npmjs.org/colors/-/colors-0.6.2.tgz",
          "integrity": "sha1-JCP+ZnisDF2uiFLl0OW+CMmXq8w="
        },
        "request": {
          "version": "2.9.203",
          "resolved": "https://registry.npmjs.org/request/-/request-2.9.203.tgz",
          "integrity": "sha1-bBcRpUB/uUoRQhlWPkQUW8v0cjo="
        }
      }
    },
    "wordwrap": {
      "version": "0.0.2",
      "resolved": "https://registry.npmjs.org/wordwrap/-/wordwrap-0.0.2.tgz",
      "integrity": "sha1-t5Zpu0LstAn4PVg8rVLKF+qhZD8="
    },
    "xmldom": {
      "version": "0.1.27",
      "resolved": "https://registry.npmjs.org/xmldom/-/xmldom-0.1.27.tgz",
      "integrity": "sha1-1QH5ezvbQDr4757MIFcxh6rawOk="
    },
    "xtend": {
      "version": "2.1.2",
      "resolved": "https://registry.npmjs.org/xtend/-/xtend-2.1.2.tgz",
      "integrity": "sha1-bv7MKk2tjmlixJAbM3znuoe10os=",
      "requires": {
        "object-keys": "0.4.0"
      },
      "dependencies": {
        "object-keys": {
          "version": "0.4.0",
          "resolved": "https://registry.npmjs.org/object-keys/-/object-keys-0.4.0.tgz",
          "integrity": "sha1-KKaq50KN0sOpLz2V8hM13SBOAzY="
        }
      }
    },
    "yargs": {
      "version": "3.10.0",
      "resolved": "https://registry.npmjs.org/yargs/-/yargs-3.10.0.tgz",
      "integrity": "sha1-9+572FfdfB0tOMDnTvvWgdFDH9E=",
      "requires": {
        "camelcase": "1.2.1",
        "cliui": "2.1.0",
        "decamelize": "1.2.0",
        "window-size": "0.1.0"
      }
    },
    "yarn": {
      "version": "1.3.2",
      "resolved": "https://registry.npmjs.org/yarn/-/yarn-1.3.2.tgz",
      "integrity": "sha1-WTl2JYG1tN3NNBjA9r5C3zruGV8="
    },
    "zeros": {
      "version": "1.0.0",
      "resolved": "https://registry.npmjs.org/zeros/-/zeros-1.0.0.tgz",
      "integrity": "sha1-ZOLYPA2o0yKqTLiCSXsxt9wzpUA=",
      "requires": {
        "ndarray": "1.0.18"
      }
    }
  }
}
